// !$*UTF8*$!
{
	archiveVersion = 1;
	classes = {
	};
	objectVersion = 48;
	objects = {

/* Begin PBXBuildFile section */
		6E697377202046AD0090B591 /* AppDelegate.m in Sources */ = {isa = PBXBuildFile; fileRef = 6E697376202046AD0090B591 /* AppDelegate.m */; };
		6E69737A202046AD0090B591 /* ViewController.m in Sources */ = {isa = PBXBuildFile; fileRef = 6E697379202046AD0090B591 /* ViewController.m */; };
		6E69737D202046AD0090B591 /* Main.storyboard in Resources */ = {isa = PBXBuildFile; fileRef = 6E69737B202046AD0090B591 /* Main.storyboard */; };
		6E69737F202046AD0090B591 /* Assets.xcassets in Resources */ = {isa = PBXBuildFile; fileRef = 6E69737E202046AD0090B591 /* Assets.xcassets */; };
		6E697382202046AD0090B591 /* LaunchScreen.storyboard in Resources */ = {isa = PBXBuildFile; fileRef = 6E697380202046AD0090B591 /* LaunchScreen.storyboard */; };
		6E697385202046AD0090B591 /* main.m in Sources */ = {isa = PBXBuildFile; fileRef = 6E697384202046AD0090B591 /* main.m */; };
		6E69738E202057530090B591 /* LocationManager.m in Sources */ = {isa = PBXBuildFile; fileRef = 6E69738D202057520090B591 /* LocationManager.m */; };
		6E697393202062A20090B591 /* CustomClusterIconGenerator.m in Sources */ = {isa = PBXBuildFile; fileRef = 6E69738F202062A20090B591 /* CustomClusterIconGenerator.m */; };
		6E697394202062A20090B591 /* CustomGMUAlgorithm.m in Sources */ = {isa = PBXBuildFile; fileRef = 6E697390202062A20090B591 /* CustomGMUAlgorithm.m */; };
		D9BB93CD1DD9DBEC392475EB /* libPods-GoogleMap.a in Frameworks */ = {isa = PBXBuildFile; fileRef = 85BECC7C103A9E029A94EFB1 /* libPods-GoogleMap.a */; };
/* End PBXBuildFile section */

/* Begin PBXFileReference section */
		25979F690DD928C0B7A15C94 /* Pods-GoogleMap.release.xcconfig */ = {isa = PBXFileReference; includeInIndex = 1; lastKnownFileType = text.xcconfig; name = "Pods-GoogleMap.release.xcconfig"; path = "Pods/Target Support Files/Pods-GoogleMap/Pods-GoogleMap.release.xcconfig"; sourceTree = "<group>"; };
		6E697372202046AD0090B591 /* GoogleMap.app */ = {isa = PBXFileReference; explicitFileType = wrapper.application; includeInIndex = 0; path = GoogleMap.app; sourceTree = BUILT_PRODUCTS_DIR; };
		6E697375202046AD0090B591 /* AppDelegate.h */ = {isa = PBXFileReference; lastKnownFileType = sourcecode.c.h; path = AppDelegate.h; sourceTree = "<group>"; };
		6E697376202046AD0090B591 /* AppDelegate.m */ = {isa = PBXFileReference; lastKnownFileType = sourcecode.c.objc; path = AppDelegate.m; sourceTree = "<group>"; };
		6E697378202046AD0090B591 /* ViewController.h */ = {isa = PBXFileReference; lastKnownFileType = sourcecode.c.h; path = ViewController.h; sourceTree = "<group>"; };
		6E697379202046AD0090B591 /* ViewController.m */ = {isa = PBXFileReference; lastKnownFileType = sourcecode.c.objc; path = ViewController.m; sourceTree = "<group>"; };
		6E69737C202046AD0090B591 /* Base */ = {isa = PBXFileReference; lastKnownFileType = file.storyboard; name = Base; path = Base.lproj/Main.storyboard; sourceTree = "<group>"; };
		6E69737E202046AD0090B591 /* Assets.xcassets */ = {isa = PBXFileReference; lastKnownFileType = folder.assetcatalog; path = Assets.xcassets; sourceTree = "<group>"; };
		6E697381202046AD0090B591 /* Base */ = {isa = PBXFileReference; lastKnownFileType = file.storyboard; name = Base; path = Base.lproj/LaunchScreen.storyboard; sourceTree = "<group>"; };
		6E697383202046AD0090B591 /* Info.plist */ = {isa = PBXFileReference; lastKnownFileType = text.plist.xml; path = Info.plist; sourceTree = "<group>"; };
		6E697384202046AD0090B591 /* main.m */ = {isa = PBXFileReference; lastKnownFileType = sourcecode.c.objc; path = main.m; sourceTree = "<group>"; };
		6E69738C202057520090B591 /* LocationManager.h */ = {isa = PBXFileReference; lastKnownFileType = sourcecode.c.h; path = LocationManager.h; sourceTree = "<group>"; };
		6E69738D202057520090B591 /* LocationManager.m */ = {isa = PBXFileReference; lastKnownFileType = sourcecode.c.objc; path = LocationManager.m; sourceTree = "<group>"; };
		6E69738F202062A20090B591 /* CustomClusterIconGenerator.m */ = {isa = PBXFileReference; fileEncoding = 4; lastKnownFileType = sourcecode.c.objc; path = CustomClusterIconGenerator.m; sourceTree = "<group>"; };
		6E697390202062A20090B591 /* CustomGMUAlgorithm.m */ = {isa = PBXFileReference; fileEncoding = 4; lastKnownFileType = sourcecode.c.objc; path = CustomGMUAlgorithm.m; sourceTree = "<group>"; };
		6E697391202062A20090B591 /* CustomGMUAlgorithm.h */ = {isa = PBXFileReference; fileEncoding = 4; lastKnownFileType = sourcecode.c.h; path = CustomGMUAlgorithm.h; sourceTree = "<group>"; };
		6E697392202062A20090B591 /* CustomClusterIconGenerator.h */ = {isa = PBXFileReference; fileEncoding = 4; lastKnownFileType = sourcecode.c.h; path = CustomClusterIconGenerator.h; sourceTree = "<group>"; };
		85BECC7C103A9E029A94EFB1 /* libPods-GoogleMap.a */ = {isa = PBXFileReference; explicitFileType = archive.ar; includeInIndex = 0; path = "libPods-GoogleMap.a"; sourceTree = BUILT_PRODUCTS_DIR; };
		B79ABEBF2E558361C6025894 /* Pods-GoogleMap.debug.xcconfig */ = {isa = PBXFileReference; includeInIndex = 1; lastKnownFileType = text.xcconfig; name = "Pods-GoogleMap.debug.xcconfig"; path = "Pods/Target Support Files/Pods-GoogleMap/Pods-GoogleMap.debug.xcconfig"; sourceTree = "<group>"; };
/* End PBXFileReference section */

/* Begin PBXFrameworksBuildPhase section */
		6E69736F202046AD0090B591 /* Frameworks */ = {
			isa = PBXFrameworksBuildPhase;
			buildActionMask = 2147483647;
			files = (
				D9BB93CD1DD9DBEC392475EB /* libPods-GoogleMap.a in Frameworks */,
			);
			runOnlyForDeploymentPostprocessing = 0;
		};
/* End PBXFrameworksBuildPhase section */

/* Begin PBXGroup section */
		6E697369202046AD0090B591 = {
			isa = PBXGroup;
			children = (
				6E697374202046AD0090B591 /* GoogleMap */,
				6E697373202046AD0090B591 /* Products */,
				A0F0AF3AECD91ACB32F1833D /* Pods */,
				CB8127A9CDA89CB9C5B06297 /* Frameworks */,
			);
			sourceTree = "<group>";
		};
		6E697373202046AD0090B591 /* Products */ = {
			isa = PBXGroup;
			children = (
				6E697372202046AD0090B591 /* GoogleMap.app */,
			);
			name = Products;
			sourceTree = "<group>";
		};
		6E697374202046AD0090B591 /* GoogleMap */ = {
			isa = PBXGroup;
			children = (
				6E697392202062A20090B591 /* CustomClusterIconGenerator.h */,
				6E69738F202062A20090B591 /* CustomClusterIconGenerator.m */,
				6E697391202062A20090B591 /* CustomGMUAlgorithm.h */,
				6E697390202062A20090B591 /* CustomGMUAlgorithm.m */,
				6E69738B202057400090B591 /* Services */,
				6E697375202046AD0090B591 /* AppDelegate.h */,
				6E697376202046AD0090B591 /* AppDelegate.m */,
				6E697378202046AD0090B591 /* ViewController.h */,
				6E697379202046AD0090B591 /* ViewController.m */,
				6E69737B202046AD0090B591 /* Main.storyboard */,
				6E69737E202046AD0090B591 /* Assets.xcassets */,
				6E697380202046AD0090B591 /* LaunchScreen.storyboard */,
				6E697383202046AD0090B591 /* Info.plist */,
				6E697384202046AD0090B591 /* main.m */,
			);
			path = GoogleMap;
			sourceTree = "<group>";
		};
		6E69738B202057400090B591 /* Services */ = {
			isa = PBXGroup;
			children = (
				6E69738C202057520090B591 /* LocationManager.h */,
				6E69738D202057520090B591 /* LocationManager.m */,
			);
			path = Services;
			sourceTree = "<group>";
		};
		A0F0AF3AECD91ACB32F1833D /* Pods */ = {
			isa = PBXGroup;
			children = (
				B79ABEBF2E558361C6025894 /* Pods-GoogleMap.debug.xcconfig */,
				25979F690DD928C0B7A15C94 /* Pods-GoogleMap.release.xcconfig */,
			);
			name = Pods;
			sourceTree = "<group>";
		};
		CB8127A9CDA89CB9C5B06297 /* Frameworks */ = {
			isa = PBXGroup;
			children = (
				85BECC7C103A9E029A94EFB1 /* libPods-GoogleMap.a */,
			);
			name = Frameworks;
			sourceTree = "<group>";
		};
/* End PBXGroup section */

/* Begin PBXNativeTarget section */
		6E697371202046AD0090B591 /* GoogleMap */ = {
			isa = PBXNativeTarget;
			buildConfigurationList = 6E697388202046AD0090B591 /* Build configuration list for PBXNativeTarget "GoogleMap" */;
			buildPhases = (
				FFB87404F278FA431826A656 /* [CP] Check Pods Manifest.lock */,
				6E69736E202046AD0090B591 /* Sources */,
				6E69736F202046AD0090B591 /* Frameworks */,
				6E697370202046AD0090B591 /* Resources */,
				6995CC812553E044F237461E /* [CP] Embed Pods Frameworks */,
				A153B6CACFD45F9ED1A44AB5 /* [CP] Copy Pods Resources */,
			);
			buildRules = (
			);
			dependencies = (
			);
			name = GoogleMap;
			productName = GoogleMap;
			productReference = 6E697372202046AD0090B591 /* GoogleMap.app */;
			productType = "com.apple.product-type.application";
		};
/* End PBXNativeTarget section */

/* Begin PBXProject section */
		6E69736A202046AD0090B591 /* Project object */ = {
			isa = PBXProject;
			attributes = {
				LastUpgradeCheck = 0920;
				ORGANIZATIONNAME = drobov;
				TargetAttributes = {
					6E697371202046AD0090B591 = {
						CreatedOnToolsVersion = 9.2;
						ProvisioningStyle = Manual;
					};
				};
			};
			buildConfigurationList = 6E69736D202046AD0090B591 /* Build configuration list for PBXProject "GoogleMap" */;
			compatibilityVersion = "Xcode 8.0";
			developmentRegion = en;
			hasScannedForEncodings = 0;
			knownRegions = (
				en,
				Base,
			);
			mainGroup = 6E697369202046AD0090B591;
			productRefGroup = 6E697373202046AD0090B591 /* Products */;
			projectDirPath = "";
			projectRoot = "";
			targets = (
				6E697371202046AD0090B591 /* GoogleMap */,
			);
		};
/* End PBXProject section */

/* Begin PBXResourcesBuildPhase section */
		6E697370202046AD0090B591 /* Resources */ = {
			isa = PBXResourcesBuildPhase;
			buildActionMask = 2147483647;
			files = (
				6E697382202046AD0090B591 /* LaunchScreen.storyboard in Resources */,
				6E69737F202046AD0090B591 /* Assets.xcassets in Resources */,
				6E69737D202046AD0090B591 /* Main.storyboard in Resources */,
			);
			runOnlyForDeploymentPostprocessing = 0;
		};
/* End PBXResourcesBuildPhase section */

/* Begin PBXShellScriptBuildPhase section */
		6995CC812553E044F237461E /* [CP] Embed Pods Frameworks */ = {
			isa = PBXShellScriptBuildPhase;
			buildActionMask = 2147483647;
			files = (
			);
			inputPaths = (
			);
			name = "[CP] Embed Pods Frameworks";
			outputPaths = (
			);
			runOnlyForDeploymentPostprocessing = 0;
			shellPath = /bin/sh;
			shellScript = "\"${SRCROOT}/Pods/Target Support Files/Pods-GoogleMap/Pods-GoogleMap-frameworks.sh\"\n";
			showEnvVarsInLog = 0;
		};
		A153B6CACFD45F9ED1A44AB5 /* [CP] Copy Pods Resources */ = {
			isa = PBXShellScriptBuildPhase;
			buildActionMask = 2147483647;
			files = (
			);
			inputPaths = (
				"${SRCROOT}/Pods/Target Support Files/Pods-GoogleMap/Pods-GoogleMap-resources.sh",
				"${PODS_ROOT}/GoogleMaps/Maps/Frameworks/GoogleMaps.framework/Resources/GoogleMaps.bundle",
				"${PODS_ROOT}/GooglePlaces/Frameworks/GooglePlaces.framework/Resources/GooglePlaces.bundle",
			);
			name = "[CP] Copy Pods Resources";
			outputPaths = (
				"${TARGET_BUILD_DIR}/${UNLOCALIZED_RESOURCES_FOLDER_PATH}",
			);
			runOnlyForDeploymentPostprocessing = 0;
			shellPath = /bin/sh;
			shellScript = "\"${SRCROOT}/Pods/Target Support Files/Pods-GoogleMap/Pods-GoogleMap-resources.sh\"\n";
			showEnvVarsInLog = 0;
		};
		FFB87404F278FA431826A656 /* [CP] Check Pods Manifest.lock */ = {
			isa = PBXShellScriptBuildPhase;
			buildActionMask = 2147483647;
			files = (
			);
			inputPaths = (
				"${PODS_PODFILE_DIR_PATH}/Podfile.lock",
				"${PODS_ROOT}/Manifest.lock",
			);
			name = "[CP] Check Pods Manifest.lock";
			outputPaths = (
				"$(DERIVED_FILE_DIR)/Pods-GoogleMap-checkManifestLockResult.txt",
			);
			runOnlyForDeploymentPostprocessing = 0;
			shellPath = /bin/sh;
			shellScript = "diff \"${PODS_PODFILE_DIR_PATH}/Podfile.lock\" \"${PODS_ROOT}/Manifest.lock\" > /dev/null\nif [ $? != 0 ] ; then\n    # print error to STDERR\n    echo \"error: The sandbox is not in sync with the Podfile.lock. Run 'pod install' or update your CocoaPods installation.\" >&2\n    exit 1\nfi\n# This output is used by Xcode 'outputs' to avoid re-running this script phase.\necho \"SUCCESS\" > \"${SCRIPT_OUTPUT_FILE_0}\"\n";
			showEnvVarsInLog = 0;
		};
/* End PBXShellScriptBuildPhase section */

/* Begin PBXSourcesBuildPhase section */
		6E69736E202046AD0090B591 /* Sources */ = {
			isa = PBXSourcesBuildPhase;
			buildActionMask = 2147483647;
			files = (
				6E69738E202057530090B591 /* LocationManager.m in Sources */,
				6E69737A202046AD0090B591 /* ViewController.m in Sources */,
				6E697394202062A20090B591 /* CustomGMUAlgorithm.m in Sources */,
				6E697385202046AD0090B591 /* main.m in Sources */,
				6E697393202062A20090B591 /* CustomClusterIconGenerator.m in Sources */,
				6E697377202046AD0090B591 /* AppDelegate.m in Sources */,
			);
			runOnlyForDeploymentPostprocessing = 0;
		};
/* End PBXSourcesBuildPhase section */

/* Begin PBXVariantGroup section */
		6E69737B202046AD0090B591 /* Main.storyboard */ = {
			isa = PBXVariantGroup;
			children = (
				6E69737C202046AD0090B591 /* Base */,
			);
			name = Main.storyboard;
			sourceTree = "<group>";
		};
		6E697380202046AD0090B591 /* LaunchScreen.storyboard */ = {
			isa = PBXVariantGroup;
			children = (
				6E697381202046AD0090B591 /* Base */,
			);
			name = LaunchScreen.storyboard;
			sourceTree = "<group>";
		};
/* End PBXVariantGroup section */

/* Begin XCBuildConfiguration section */
		6E697386202046AD0090B591 /* Debug */ = {
			isa = XCBuildConfiguration;
			buildSettings = {
				ALWAYS_SEARCH_USER_PATHS = NO;
				CLANG_ANALYZER_NONNULL = YES;
				CLANG_ANALYZER_NUMBER_OBJECT_CONVERSION = YES_AGGRESSIVE;
				CLANG_CXX_LANGUAGE_STANDARD = "gnu++14";
				CLANG_CXX_LIBRARY = "libc++";
				CLANG_ENABLE_MODULES = YES;
				CLANG_ENABLE_OBJC_ARC = YES;
				CLANG_WARN_BLOCK_CAPTURE_AUTORELEASING = YES;
				CLANG_WARN_BOOL_CONVERSION = YES;
				CLANG_WARN_COMMA = YES;
				CLANG_WARN_CONSTANT_CONVERSION = YES;
				CLANG_WARN_DIRECT_OBJC_ISA_USAGE = YES_ERROR;
				CLANG_WARN_DOCUMENTATION_COMMENTS = YES;
				CLANG_WARN_EMPTY_BODY = YES;
				CLANG_WARN_ENUM_CONVERSION = YES;
				CLANG_WARN_INFINITE_RECURSION = YES;
				CLANG_WARN_INT_CONVERSION = YES;
				CLANG_WARN_NON_LITERAL_NULL_CONVERSION = YES;
				CLANG_WARN_OBJC_LITERAL_CONVERSION = YES;
				CLANG_WARN_OBJC_ROOT_CLASS = YES_ERROR;
				CLANG_WARN_RANGE_LOOP_ANALYSIS = YES;
				CLANG_WARN_STRICT_PROTOTYPES = YES;
				CLANG_WARN_SUSPICIOUS_MOVE = YES;
				CLANG_WARN_UNGUARDED_AVAILABILITY = YES_AGGRESSIVE;
				CLANG_WARN_UNREACHABLE_CODE = YES;
				CLANG_WARN__DUPLICATE_METHOD_MATCH = YES;
				CODE_SIGN_IDENTITY = "iPhone Developer";
				COPY_PHASE_STRIP = NO;
				DEBUG_INFORMATION_FORMAT = dwarf;
				ENABLE_STRICT_OBJC_MSGSEND = YES;
				ENABLE_TESTABILITY = YES;
				GCC_C_LANGUAGE_STANDARD = gnu11;
				GCC_DYNAMIC_NO_PIC = NO;
				GCC_NO_COMMON_BLOCKS = YES;
				GCC_OPTIMIZATION_LEVEL = 0;
				GCC_PREPROCESSOR_DEFINITIONS = (
					"DEBUG=1",
					"$(inherited)",
				);
				GCC_WARN_64_TO_32_BIT_CONVERSION = YES;
				GCC_WARN_ABOUT_RETURN_TYPE = YES_ERROR;
				GCC_WARN_UNDECLARED_SELECTOR = YES;
				GCC_WARN_UNINITIALIZED_AUTOS = YES_AGGRESSIVE;
				GCC_WARN_UNUSED_FUNCTION = YES;
				GCC_WARN_UNUSED_VARIABLE = YES;
				IPHONEOS_DEPLOYMENT_TARGET = 9.0;
				MTL_ENABLE_DEBUG_INFO = YES;
				ONLY_ACTIVE_ARCH = YES;
				SDKROOT = iphoneos;
			};
			name = Debug;
		};
		6E697387202046AD0090B591 /* Release */ = {
			isa = XCBuildConfiguration;
			buildSettings = {
				ALWAYS_SEARCH_USER_PATHS = NO;
				CLANG_ANALYZER_NONNULL = YES;
				CLANG_ANALYZER_NUMBER_OBJECT_CONVERSION = YES_AGGRESSIVE;
				CLANG_CXX_LANGUAGE_STANDARD = "gnu++14";
				CLANG_CXX_LIBRARY = "libc++";
				CLANG_ENABLE_MODULES = YES;
				CLANG_ENABLE_OBJC_ARC = YES;
				CLANG_WARN_BLOCK_CAPTURE_AUTORELEASING = YES;
				CLANG_WARN_BOOL_CONVERSION = YES;
				CLANG_WARN_COMMA = YES;
				CLANG_WARN_CONSTANT_CONVERSION = YES;
				CLANG_WARN_DIRECT_OBJC_ISA_USAGE = YES_ERROR;
				CLANG_WARN_DOCUMENTATION_COMMENTS = YES;
				CLANG_WARN_EMPTY_BODY = YES;
				CLANG_WARN_ENUM_CONVERSION = YES;
				CLANG_WARN_INFINITE_RECURSION = YES;
				CLANG_WARN_INT_CONVERSION = YES;
				CLANG_WARN_NON_LITERAL_NULL_CONVERSION = YES;
				CLANG_WARN_OBJC_LITERAL_CONVERSION = YES;
				CLANG_WARN_OBJC_ROOT_CLASS = YES_ERROR;
				CLANG_WARN_RANGE_LOOP_ANALYSIS = YES;
				CLANG_WARN_STRICT_PROTOTYPES = YES;
				CLANG_WARN_SUSPICIOUS_MOVE = YES;
				CLANG_WARN_UNGUARDED_AVAILABILITY = YES_AGGRESSIVE;
				CLANG_WARN_UNREACHABLE_CODE = YES;
				CLANG_WARN__DUPLICATE_METHOD_MATCH = YES;
				CODE_SIGN_IDENTITY = "iPhone Developer";
				COPY_PHASE_STRIP = NO;
				DEBUG_INFORMATION_FORMAT = "dwarf-with-dsym";
				ENABLE_NS_ASSERTIONS = NO;
				ENABLE_STRICT_OBJC_MSGSEND = YES;
				GCC_C_LANGUAGE_STANDARD = gnu11;
				GCC_NO_COMMON_BLOCKS = YES;
				GCC_WARN_64_TO_32_BIT_CONVERSION = YES;
				GCC_WARN_ABOUT_RETURN_TYPE = YES_ERROR;
				GCC_WARN_UNDECLARED_SELECTOR = YES;
				GCC_WARN_UNINITIALIZED_AUTOS = YES_AGGRESSIVE;
				GCC_WARN_UNUSED_FUNCTION = YES;
				GCC_WARN_UNUSED_VARIABLE = YES;
				IPHONEOS_DEPLOYMENT_TARGET = 9.0;
				MTL_ENABLE_DEBUG_INFO = NO;
				SDKROOT = iphoneos;
				VALIDATE_PRODUCT = YES;
			};
			name = Release;
		};
		6E697389202046AD0090B591 /* Debug */ = {
			isa = XCBuildConfiguration;
			baseConfigurationReference = B79ABEBF2E558361C6025894 /* Pods-GoogleMap.debug.xcconfig */;
			buildSettings = {
				ASSETCATALOG_COMPILER_APPICON_NAME = AppIcon;
				CODE_SIGN_STYLE = Manual;
				DEVELOPMENT_TEAM = M2W7A5AWJY;
				INFOPLIST_FILE = GoogleMap/Info.plist;
				LD_RUNPATH_SEARCH_PATHS = "$(inherited) @executable_path/Frameworks";
				PRODUCT_BUNDLE_IDENTIFIER = com.drobov.GoogleMap;
				PRODUCT_NAME = "$(TARGET_NAME)";
				PROVISIONING_PROFILE = "bf5fb033-3357-4517-bf08-e51393ef58fc";
				PROVISIONING_PROFILE_SPECIFIER = "GoogleMapClusters Development";
				TARGETED_DEVICE_FAMILY = "1,2";
			};
			name = Debug;
		};
		6E69738A202046AD0090B591 /* Release */ = {
			isa = XCBuildConfiguration;
			baseConfigurationReference = 25979F690DD928C0B7A15C94 /* Pods-GoogleMap.release.xcconfig */;
			buildSettings = {
				ASSETCATALOG_COMPILER_APPICON_NAME = AppIcon;
				"CODE_SIGN_IDENTITY[sdk=iphoneos*]" = "iPhone Distribution";
				CODE_SIGN_STYLE = Manual;
				DEVELOPMENT_TEAM = M2W7A5AWJY;
				INFOPLIST_FILE = GoogleMap/Info.plist;
				LD_RUNPATH_SEARCH_PATHS = "$(inherited) @executable_path/Frameworks";
				PRODUCT_BUNDLE_IDENTIFIER = com.drobov.GoogleMap;
				PRODUCT_NAME = "$(TARGET_NAME)";
				PROVISIONING_PROFILE = "0b4647bf-c5d0-4b63-b13e-8665ceb60985";
				PROVISIONING_PROFILE_SPECIFIER = "GoogleMapClusters AdHoc";
				TARGETED_DEVICE_FAMILY = "1,2";
			};
			name = Release;
		};
/* End XCBuildConfiguration section */

/* Begin XCConfigurationList section */
		6E69736D202046AD0090B591 /* Build configuration list for PBXProject "GoogleMap" */ = {
			isa = XCConfigurationList;
			buildConfigurations = (
				6E697386202046AD0090B591 /* Debug */,
				6E697387202046AD0090B591 /* Release */,
			);
			defaultConfigurationIsVisible = 0;
			defaultConfigurationName = Release;
		};
		6E697388202046AD0090B591 /* Build configuration list for PBXNativeTarget "GoogleMap" */ = {
			isa = XCConfigurationList;
			buildConfigurations = (
				6E697389202046AD0090B591 /* Debug */,
				6E69738A202046AD0090B591 /* Release */,
			);
			defaultConfigurationIsVisible = 0;
			defaultConfigurationName = Release;
		};
/* End XCConfigurationList section */
	};
	rootObject = 6E69736A202046AD0090B591 /* Project object */;
}
